# THIS IS AN AUTOGENERATED FILE. DO NOT EDIT THIS FILE DIRECTLY.
# yarn lockfile v1


"@prettier/plugin-ruby@^0.16.0":
  version "0.16.0"
  resolved "https://registry.yarnpkg.com/@prettier/plugin-ruby/-/plugin-ruby-0.16.0.tgz#386cf4af82e297b0d61ec1e1205b1823811ff908"
  integrity sha512-3jHEPFL/vK34TPfNByCX0uDiJqHSHvo36LacWCxe7d+yoEUhfOE5oNi2Q1PRej08wKAopU5aApJVPnfz9LoCsw==
  dependencies:
    prettier ">=1.10"

prettier@>=1.10, prettier@^1.19.1:
  version "1.19.1"
  resolved "https://registry.yarnpkg.com/prettier/-/prettier-1.19.1.tgz#f7d7f5ff8a9cd872a7be4ca142095956a60797cb"
  integrity sha512-s7PoyDv/II1ObgQunCbB9PdLmUcBZcnWOcxDh7O0N/UwDEsHyqkW+Qh28jW+mVuCdx7gLB0BotYI1Y6uI9iyew==
